
Microsoft Visual Studio Solution File, Format Version 12.00
# Visual Studio Version 17
VisualStudioVersion = 17.5.33424.131
MinimumVisualStudioVersion = 10.0.40219.1
Project("{9A19103F-16F7-4668-BE54-9A1E7A4F7556}") = "ClassesObjetos", "ClassesObjetos\ClassesObjetos.csproj", "{9BC07C92-0F2C-44E9-B033-4105353D3BD2}"
EndProject
Project("{9A19103F-16F7-4668-BE54-9A1E7A4F7556}") = "MetodosClasses", "MetodosClasses\MetodosClasses.csproj", "{80578F12-1151-4C7D-A60B-87AFFB1DE703}"
EndProject
Project("{9A19103F-16F7-4668-BE54-9A1E7A4F7556}") = "TermoThis", "TermoThis\TermoThis.csproj", "{B336CEE5-E395-40EC-B545-4B2FF0F8F189}"
EndProject
Project("{9A19103F-16F7-4668-BE54-9A1E7A4F7556}") = "TipoDelegate", "TipoDelegate\TipoDelegate.csproj", "{B09D9A63-057C-4555-B6AB-5A653C96FC2A}"
EndProject
Project("{FAE04EC0-301F-11D3-BF4B-00C04F79EFBC}") = "MetodoConstrutor", "MetodoConstrutor\MetodoConstrutor.csproj", "{EA2D34D4-5C2A-4C52-AF4F-2A352937F098}"
EndProject
Global
	GlobalSection(SolutionConfigurationPlatforms) = preSolution
		Debug|Any CPU = Debug|Any CPU
		Release|Any CPU = Release|Any CPU
	EndGlobalSection
	GlobalSection(ProjectConfigurationPlatforms) = postSolution
		{9BC07C92-0F2C-44E9-B033-4105353D3BD2}.Debug|Any CPU.ActiveCfg = Debug|Any CPU
		{9BC07C92-0F2C-44E9-B033-4105353D3BD2}.Debug|Any CPU.Build.0 = Debug|Any CPU
		{9BC07C92-0F2C-44E9-B033-4105353D3BD2}.Release|Any CPU.ActiveCfg = Release|Any CPU
		{9BC07C92-0F2C-44E9-B033-4105353D3BD2}.Release|Any CPU.Build.0 = Release|Any CPU
		{80578F12-1151-4C7D-A60B-87AFFB1DE703}.Debug|Any CPU.ActiveCfg = Debug|Any CPU
		{80578F12-1151-4C7D-A60B-87AFFB1DE703}.Debug|Any CPU.Build.0 = Debug|Any CPU
		{80578F12-1151-4C7D-A60B-87AFFB1DE703}.Release|Any CPU.ActiveCfg = Release|Any CPU
		{80578F12-1151-4C7D-A60B-87AFFB1DE703}.Release|Any CPU.Build.0 = Release|Any CPU
		{B336CEE5-E395-40EC-B545-4B2FF0F8F189}.Debug|Any CPU.ActiveCfg = Debug|Any CPU
		{B336CEE5-E395-40EC-B545-4B2FF0F8F189}.Debug|Any CPU.Build.0 = Debug|Any CPU
		{B336CEE5-E395-40EC-B545-4B2FF0F8F189}.Release|Any CPU.ActiveCfg = Release|Any CPU
		{B336CEE5-E395-40EC-B545-4B2FF0F8F189}.Release|Any CPU.Build.0 = Release|Any CPU
		{B09D9A63-057C-4555-B6AB-5A653C96FC2A}.Debug|Any CPU.ActiveCfg = Debug|Any CPU
		{B09D9A63-057C-4555-B6AB-5A653C96FC2A}.Debug|Any CPU.Build.0 = Debug|Any CPU
		{B09D9A63-057C-4555-B6AB-5A653C96FC2A}.Release|Any CPU.ActiveCfg = Release|Any CPU
		{B09D9A63-057C-4555-B6AB-5A653C96FC2A}.Release|Any CPU.Build.0 = Release|Any CPU
		{EA2D34D4-5C2A-4C52-AF4F-2A352937F098}.Debug|Any CPU.ActiveCfg = Debug|Any CPU
		{EA2D34D4-5C2A-4C52-AF4F-2A352937F098}.Debug|Any CPU.Build.0 = Debug|Any CPU
		{EA2D34D4-5C2A-4C52-AF4F-2A352937F098}.Release|Any CPU.ActiveCfg = Release|Any CPU
		{EA2D34D4-5C2A-4C52-AF4F-2A352937F098}.Release|Any CPU.Build.0 = Release|Any CPU
	EndGlobalSection
	GlobalSection(SolutionProperties) = preSolution
		HideSolutionNode = FALSE
	EndGlobalSection
	GlobalSection(ExtensibilityGlobals) = postSolution
		SolutionGuid = {EC38F30A-7AC6-425A-97C4-83573789A911}
	EndGlobalSection
EndGlobal
